
Microsoft Visual Studio Solution File, Format Version 12.00
# Visual Studio Version 17
VisualStudioVersion = 17.3.32929.385
MinimumVisualStudioVersion = 10.0.40219.1
Project("{9A19103F-16F7-4668-BE54-9A1E7A4F7556}") = "Ventas", "Ventas\Ventas.csproj", "{AA1422EA-CE5D-4E5E-A3BB-2E7FD35DD4DB}"
EndProject
Project("{FAE04EC0-301F-11D3-BF4B-00C04F79EFBC}") = "ClienteAPI", "ClienteAPI\ClienteAPI.csproj", "{868DCC5F-3197-4004-9643-EBA0F702E6F4}"
EndProject
Global
	GlobalSection(SolutionConfigurationPlatforms) = preSolution
		Debug|Any CPU = Debug|Any CPU
		Release|Any CPU = Release|Any CPU
	EndGlobalSection
	GlobalSection(ProjectConfigurationPlatforms) = postSolution
		{AA1422EA-CE5D-4E5E-A3BB-2E7FD35DD4DB}.Debug|Any CPU.ActiveCfg = Debug|Any CPU
		{AA1422EA-CE5D-4E5E-A3BB-2E7FD35DD4DB}.Debug|Any CPU.Build.0 = Debug|Any CPU
		{AA1422EA-CE5D-4E5E-A3BB-2E7FD35DD4DB}.Release|Any CPU.ActiveCfg = Release|Any CPU
		{AA1422EA-CE5D-4E5E-A3BB-2E7FD35DD4DB}.Release|Any CPU.Build.0 = Release|Any CPU
		{868DCC5F-3197-4004-9643-EBA0F702E6F4}.Debug|Any CPU.ActiveCfg = Debug|Any CPU
		{868DCC5F-3197-4004-9643-EBA0F702E6F4}.Debug|Any CPU.Build.0 = Debug|Any CPU
		{868DCC5F-3197-4004-9643-EBA0F702E6F4}.Release|Any CPU.ActiveCfg = Release|Any CPU
		{868DCC5F-3197-4004-9643-EBA0F702E6F4}.Release|Any CPU.Build.0 = Release|Any CPU
	EndGlobalSection
	GlobalSection(SolutionProperties) = preSolution
		HideSolutionNode = FALSE
	EndGlobalSection
	GlobalSection(ExtensibilityGlobals) = postSolution
		SolutionGuid = {F1E86424-2178-466F-A56D-C90ABB984AE0}
	EndGlobalSection
EndGlobal
